
Microsoft Visual Studio Solution File, Format Version 12.00
# Visual Studio Version 17
VisualStudioVersion = 17.5.002.0
MinimumVisualStudioVersion = 10.0.40219.1
Project("{9A19103F-16F7-4668-BE54-9A1E7A4F7556}") = "ShonenjumpplusClawer", "ShonenjumpplusClawer.csproj", "{67278ADE-48CF-4F0E-AA73-6B73C8940A9B}"
EndProject
Global
	GlobalSection(SolutionConfigurationPlatforms) = preSolution
		Debug|Any CPU = Debug|Any CPU
		Release|Any CPU = Release|Any CPU
	EndGlobalSection
	GlobalSection(ProjectConfigurationPlatforms) = postSolution
		{67278ADE-48CF-4F0E-AA73-6B73C8940A9B}.Debug|Any CPU.ActiveCfg = Debug|Any CPU
		{67278ADE-48CF-4F0E-AA73-6B73C8940A9B}.Debug|Any CPU.Build.0 = Debug|Any CPU
		{67278ADE-48CF-4F0E-AA73-6B73C8940A9B}.Release|Any CPU.ActiveCfg = Release|Any CPU
		{67278ADE-48CF-4F0E-AA73-6B73C8940A9B}.Release|Any CPU.Build.0 = Release|Any CPU
	EndGlobalSection
	GlobalSection(SolutionProperties) = preSolution
		HideSolutionNode = FALSE
	EndGlobalSection
	GlobalSection(ExtensibilityGlobals) = postSolution
		SolutionGuid = {7F7A58E4-6106-44D1-AE5D-D9136BFD9F1B}
	EndGlobalSection
EndGlobal
